// !$*UTF8*$!
{
	archiveVersion = 1;
	classes = {
	};
	objectVersion = 55;
	objects = {

/* Begin PBXBuildFile section */
		F6870DA627D5D3E20042CCEA /* AppDelegate.swift in Sources */ = {isa = PBXBuildFile; fileRef = F6870DA527D5D3E20042CCEA /* AppDelegate.swift */; };
		F6870DA827D5D3E20042CCEA /* SceneDelegate.swift in Sources */ = {isa = PBXBuildFile; fileRef = F6870DA727D5D3E20042CCEA /* SceneDelegate.swift */; };
		F6870DAA27D5D3E20042CCEA /* ViewController.swift in Sources */ = {isa = PBXBuildFile; fileRef = F6870DA927D5D3E20042CCEA /* ViewController.swift */; };
		F6870DAD27D5D3E20042CCEA /* Main.storyboard in Resources */ = {isa = PBXBuildFile; fileRef = F6870DAB27D5D3E20042CCEA /* Main.storyboard */; };
		F6870DAF27D5D3E30042CCEA /* Assets.xcassets in Resources */ = {isa = PBXBuildFile; fileRef = F6870DAE27D5D3E30042CCEA /* Assets.xcassets */; };
		F6870DB227D5D3E30042CCEA /* LaunchScreen.storyboard in Resources */ = {isa = PBXBuildFile; fileRef = F6870DB027D5D3E30042CCEA /* LaunchScreen.storyboard */; };
		F6870DBD27D5D3E30042CCEA /* Guess_the_AppTests.swift in Sources */ = {isa = PBXBuildFile; fileRef = F6870DBC27D5D3E30042CCEA /* Guess_the_AppTests.swift */; };
		F6870DC727D5D3E30042CCEA /* Guess_the_AppUITests.swift in Sources */ = {isa = PBXBuildFile; fileRef = F6870DC627D5D3E30042CCEA /* Guess_the_AppUITests.swift */; };
		F6870DC927D5D3E30042CCEA /* Guess_the_AppUITestsLaunchTests.swift in Sources */ = {isa = PBXBuildFile; fileRef = F6870DC827D5D3E30042CCEA /* Guess_the_AppUITestsLaunchTests.swift */; };
/* End PBXBuildFile section */

/* Begin PBXContainerItemProxy section */
		F6870DB927D5D3E30042CCEA /* PBXContainerItemProxy */ = {
			isa = PBXContainerItemProxy;
			containerPortal = F6870D9A27D5D3E20042CCEA /* Project object */;
			proxyType = 1;
			remoteGlobalIDString = F6870DA127D5D3E20042CCEA;
			remoteInfo = "Guess the App";
		};
		F6870DC327D5D3E30042CCEA /* PBXContainerItemProxy */ = {
			isa = PBXContainerItemProxy;
			containerPortal = F6870D9A27D5D3E20042CCEA /* Project object */;
			proxyType = 1;
			remoteGlobalIDString = F6870DA127D5D3E20042CCEA;
			remoteInfo = "Guess the App";
		};
/* End PBXContainerItemProxy section */

/* Begin PBXFileReference section */
		F6870DA227D5D3E20042CCEA /* Guess the App.app */ = {isa = PBXFileReference; explicitFileType = wrapper.application; includeInIndex = 0; path = "Guess the App.app"; sourceTree = BUILT_PRODUCTS_DIR; };
		F6870DA527D5D3E20042CCEA /* AppDelegate.swift */ = {isa = PBXFileReference; lastKnownFileType = sourcecode.swift; path = AppDelegate.swift; sourceTree = "<group>"; };
		F6870DA727D5D3E20042CCEA /* SceneDelegate.swift */ = {isa = PBXFileReference; lastKnownFileType = sourcecode.swift; path = SceneDelegate.swift; sourceTree = "<group>"; };
		F6870DA927D5D3E20042CCEA /* ViewController.swift */ = {isa = PBXFileReference; lastKnownFileType = sourcecode.swift; path = ViewController.swift; sourceTree = "<group>"; };
		F6870DAC27D5D3E20042CCEA /* Base */ = {isa = PBXFileReference; lastKnownFileType = file.storyboard; name = Base; path = Base.lproj/Main.storyboard; sourceTree = "<group>"; };
		F6870DAE27D5D3E30042CCEA /* Assets.xcassets */ = {isa = PBXFileReference; lastKnownFileType = folder.assetcatalog; path = Assets.xcassets; sourceTree = "<group>"; };
		F6870DB127D5D3E30042CCEA /* Base */ = {isa = PBXFileReference; lastKnownFileType = file.storyboard; name = Base; path = Base.lproj/LaunchScreen.storyboard; sourceTree = "<group>"; };
		F6870DB327D5D3E30042CCEA /* Info.plist */ = {isa = PBXFileReference; lastKnownFileType = text.plist.xml; path = Info.plist; sourceTree = "<group>"; };
		F6870DB827D5D3E30042CCEA /* Guess the AppTests.xctest */ = {isa = PBXFileReference; explicitFileType = wrapper.cfbundle; includeInIndex = 0; path = "Guess the AppTests.xctest"; sourceTree = BUILT_PRODUCTS_DIR; };
		F6870DBC27D5D3E30042CCEA /* Guess_the_AppTests.swift */ = {isa = PBXFileReference; lastKnownFileType = sourcecode.swift; path = Guess_the_AppTests.swift; sourceTree = "<group>"; };
		F6870DC227D5D3E30042CCEA /* Guess the AppUITests.xctest */ = {isa = PBXFileReference; explicitFileType = wrapper.cfbundle; includeInIndex = 0; path = "Guess the AppUITests.xctest"; sourceTree = BUILT_PRODUCTS_DIR; };
		F6870DC627D5D3E30042CCEA /* Guess_the_AppUITests.swift */ = {isa = PBXFileReference; lastKnownFileType = sourcecode.swift; path = Guess_the_AppUITests.swift; sourceTree = "<group>"; };
		F6870DC827D5D3E30042CCEA /* Guess_the_AppUITestsLaunchTests.swift */ = {isa = PBXFileReference; lastKnownFileType = sourcecode.swift; path = Guess_the_AppUITestsLaunchTests.swift; sourceTree = "<group>"; };
/* End PBXFileReference section */

/* Begin PBXFrameworksBuildPhase section */
		F6870D9F27D5D3E20042CCEA /* Frameworks */ = {
			isa = PBXFrameworksBuildPhase;
			buildActionMask = 2147483647;
			files = (
			);
			runOnlyForDeploymentPostprocessing = 0;
		};
		F6870DB527D5D3E30042CCEA /* Frameworks */ = {
			isa = PBXFrameworksBuildPhase;
			buildActionMask = 2147483647;
			files = (
			);
			runOnlyForDeploymentPostprocessing = 0;
		};
		F6870DBF27D5D3E30042CCEA /* Frameworks */ = {
			isa = PBXFrameworksBuildPhase;
			buildActionMask = 2147483647;
			files = (
			);
			runOnlyForDeploymentPostprocessing = 0;
		};
/* End PBXFrameworksBuildPhase section */

/* Begin PBXGroup section */
		F6870D9927D5D3E20042CCEA = {
			isa = PBXGroup;
			children = (
				F6870DA427D5D3E20042CCEA /* Guess the App */,
				F6870DBB27D5D3E30042CCEA /* Guess the AppTests */,
				F6870DC527D5D3E30042CCEA /* Guess the AppUITests */,
				F6870DA327D5D3E20042CCEA /* Products */,
			);
			sourceTree = "<group>";
		};
		F6870DA327D5D3E20042CCEA /* Products */ = {
			isa = PBXGroup;
			children = (
				F6870DA227D5D3E20042CCEA /* Guess the App.app */,
				F6870DB827D5D3E30042CCEA /* Guess the AppTests.xctest */,
				F6870DC227D5D3E30042CCEA /* Guess the AppUITests.xctest */,
			);
			name = Products;
			sourceTree = "<group>";
		};
		F6870DA427D5D3E20042CCEA /* Guess the App */ = {
			isa = PBXGroup;
			children = (
				F6870DA527D5D3E20042CCEA /* AppDelegate.swift */,
				F6870DA727D5D3E20042CCEA /* SceneDelegate.swift */,
				F6870DA927D5D3E20042CCEA /* ViewController.swift */,
				F6870DAB27D5D3E20042CCEA /* Main.storyboard */,
				F6870DAE27D5D3E30042CCEA /* Assets.xcassets */,
				F6870DB027D5D3E30042CCEA /* LaunchScreen.storyboard */,
				F6870DB327D5D3E30042CCEA /* Info.plist */,
			);
			path = "Guess the App";
			sourceTree = "<group>";
		};
		F6870DBB27D5D3E30042CCEA /* Guess the AppTests */ = {
			isa = PBXGroup;
			children = (
				F6870DBC27D5D3E30042CCEA /* Guess_the_AppTests.swift */,
			);
			path = "Guess the AppTests";
			sourceTree = "<group>";
		};
		F6870DC527D5D3E30042CCEA /* Guess the AppUITests */ = {
			isa = PBXGroup;
			children = (
				F6870DC627D5D3E30042CCEA /* Guess_the_AppUITests.swift */,
				F6870DC827D5D3E30042CCEA /* Guess_the_AppUITestsLaunchTests.swift */,
			);
			path = "Guess the AppUITests";
			sourceTree = "<group>";
		};
/* End PBXGroup section */

/* Begin PBXNativeTarget section */
		F6870DA127D5D3E20042CCEA /* Guess the App */ = {
			isa = PBXNativeTarget;
			buildConfigurationList = F6870DCC27D5D3E30042CCEA /* Build configuration list for PBXNativeTarget "Guess the App" */;
			buildPhases = (
				F6870D9E27D5D3E20042CCEA /* Sources */,
				F6870D9F27D5D3E20042CCEA /* Frameworks */,
				F6870DA027D5D3E20042CCEA /* Resources */,
			);
			buildRules = (
			);
			dependencies = (
			);
			name = "Guess the App";
			productName = "Guess the App";
			productReference = F6870DA227D5D3E20042CCEA /* Guess the App.app */;
			productType = "com.apple.product-type.application";
		};
		F6870DB727D5D3E30042CCEA /* Guess the AppTests */ = {
			isa = PBXNativeTarget;
			buildConfigurationList = F6870DCF27D5D3E30042CCEA /* Build configuration list for PBXNativeTarget "Guess the AppTests" */;
			buildPhases = (
				F6870DB427D5D3E30042CCEA /* Sources */,
				F6870DB527D5D3E30042CCEA /* Frameworks */,
				F6870DB627D5D3E30042CCEA /* Resources */,
			);
			buildRules = (
			);
			dependencies = (
				F6870DBA27D5D3E30042CCEA /* PBXTargetDependency */,
			);
			name = "Guess the AppTests";
			productName = "Guess the AppTests";
			productReference = F6870DB827D5D3E30042CCEA /* Guess the AppTests.xctest */;
			productType = "com.apple.product-type.bundle.unit-test";
		};
		F6870DC127D5D3E30042CCEA /* Guess the AppUITests */ = {
			isa = PBXNativeTarget;
			buildConfigurationList = F6870DD227D5D3E30042CCEA /* Build configuration list for PBXNativeTarget "Guess the AppUITests" */;
			buildPhases = (
				F6870DBE27D5D3E30042CCEA /* Sources */,
				F6870DBF27D5D3E30042CCEA /* Frameworks */,
				F6870DC027D5D3E30042CCEA /* Resources */,
			);
			buildRules = (
			);
			dependencies = (
				F6870DC427D5D3E30042CCEA /* PBXTargetDependency */,
			);
			name = "Guess the AppUITests";
			productName = "Guess the AppUITests";
			productReference = F6870DC227D5D3E30042CCEA /* Guess the AppUITests.xctest */;
			productType = "com.apple.product-type.bundle.ui-testing";
		};
/* End PBXNativeTarget section */

/* Begin PBXProject section */
		F6870D9A27D5D3E20042CCEA /* Project object */ = {
			isa = PBXProject;
			attributes = {
				BuildIndependentTargetsInParallel = 1;
				LastSwiftUpdateCheck = 1320;
				LastUpgradeCheck = 1320;
				TargetAttributes = {
					F6870DA127D5D3E20042CCEA = {
						CreatedOnToolsVersion = 13.2.1;
					};
					F6870DB727D5D3E30042CCEA = {
						CreatedOnToolsVersion = 13.2.1;
						TestTargetID = F6870DA127D5D3E20042CCEA;
					};
					F6870DC127D5D3E30042CCEA = {
						CreatedOnToolsVersion = 13.2.1;
						TestTargetID = F6870DA127D5D3E20042CCEA;
					};
				};
			};
			buildConfigurationList = F6870D9D27D5D3E20042CCEA /* Build configuration list for PBXProject "Guess the App" */;
			compatibilityVersion = "Xcode 13.0";
			developmentRegion = en;
			hasScannedForEncodings = 0;
			knownRegions = (
				en,
				Base,
			);
			mainGroup = F6870D9927D5D3E20042CCEA;
			productRefGroup = F6870DA327D5D3E20042CCEA /* Products */;
			projectDirPath = "";
			projectRoot = "";
			targets = (
				F6870DA127D5D3E20042CCEA /* Guess the App */,
				F6870DB727D5D3E30042CCEA /* Guess the AppTests */,
				F6870DC127D5D3E30042CCEA /* Guess the AppUITests */,
			);
		};
/* End PBXProject section */

/* Begin PBXResourcesBuildPhase section */
		F6870DA027D5D3E20042CCEA /* Resources */ = {
			isa = PBXResourcesBuildPhase;
			buildActionMask = 2147483647;
			files = (
				F6870DB227D5D3E30042CCEA /* LaunchScreen.storyboard in Resources */,
				F6870DAF27D5D3E30042CCEA /* Assets.xcassets in Resources */,
				F6870DAD27D5D3E20042CCEA /* Main.storyboard in Resources */,
			);
			runOnlyForDeploymentPostprocessing = 0;
		};
		F6870DB627D5D3E30042CCEA /* Resources */ = {
			isa = PBXResourcesBuildPhase;
			buildActionMask = 2147483647;
			files = (
			);
			runOnlyForDeploymentPostprocessing = 0;
		};
		F6870DC027D5D3E30042CCEA /* Resources */ = {
			isa = PBXResourcesBuildPhase;
			buildActionMask = 2147483647;
			files = (
			);
			runOnlyForDeploymentPostprocessing = 0;
		};
/* End PBXResourcesBuildPhase section */

/* Begin PBXSourcesBuildPhase section */
		F6870D9E27D5D3E20042CCEA /* Sources */ = {
			isa = PBXSourcesBuildPhase;
			buildActionMask = 2147483647;
			files = (
				F6870DAA27D5D3E20042CCEA /* ViewController.swift in Sources */,
				F6870DA627D5D3E20042CCEA /* AppDelegate.swift in Sources */,
				F6870DA827D5D3E20042CCEA /* SceneDelegate.swift in Sources */,
			);
			runOnlyForDeploymentPostprocessing = 0;
		};
		F6870DB427D5D3E30042CCEA /* Sources */ = {
			isa = PBXSourcesBuildPhase;
			buildActionMask = 2147483647;
			files = (
				F6870DBD27D5D3E30042CCEA /* Guess_the_AppTests.swift in Sources */,
			);
			runOnlyForDeploymentPostprocessing = 0;
		};
		F6870DBE27D5D3E30042CCEA /* Sources */ = {
			isa = PBXSourcesBuildPhase;
			buildActionMask = 2147483647;
			files = (
				F6870DC927D5D3E30042CCEA /* Guess_the_AppUITestsLaunchTests.swift in Sources */,
				F6870DC727D5D3E30042CCEA /* Guess_the_AppUITests.swift in Sources */,
			);
			runOnlyForDeploymentPostprocessing = 0;
		};
/* End PBXSourcesBuildPhase section */

/* Begin PBXTargetDependency section */
		F6870DBA27D5D3E30042CCEA /* PBXTargetDependency */ = {
			isa = PBXTargetDependency;
			target = F6870DA127D5D3E20042CCEA /* Guess the App */;
			targetProxy = F6870DB927D5D3E30042CCEA /* PBXContainerItemProxy */;
		};
		F6870DC427D5D3E30042CCEA /* PBXTargetDependency */ = {
			isa = PBXTargetDependency;
			target = F6870DA127D5D3E20042CCEA /* Guess the App */;
			targetProxy = F6870DC327D5D3E30042CCEA /* PBXContainerItemProxy */;
		};
/* End PBXTargetDependency section */

/* Begin PBXVariantGroup section */
		F6870DAB27D5D3E20042CCEA /* Main.storyboard */ = {
			isa = PBXVariantGroup;
			children = (
				F6870DAC27D5D3E20042CCEA /* Base */,
			);
			name = Main.storyboard;
			sourceTree = "<group>";
		};
		F6870DB027D5D3E30042CCEA /* LaunchScreen.storyboard */ = {
			isa = PBXVariantGroup;
			children = (
				F6870DB127D5D3E30042CCEA /* Base */,
			);
			name = LaunchScreen.storyboard;
			sourceTree = "<group>";
		};
/* End PBXVariantGroup section */

/* Begin XCBuildConfiguration section */
		F6870DCA27D5D3E30042CCEA /* Debug */ = {
			isa = XCBuildConfiguration;
			buildSettings = {
				ALWAYS_SEARCH_USER_PATHS = NO;
				CLANG_ANALYZER_NONNULL = YES;
				CLANG_ANALYZER_NUMBER_OBJECT_CONVERSION = YES_AGGRESSIVE;
				CLANG_CXX_LANGUAGE_STANDARD = "gnu++17";
				CLANG_CXX_LIBRARY = "libc++";
				CLANG_ENABLE_MODULES = YES;
				CLANG_ENABLE_OBJC_ARC = YES;
				CLANG_ENABLE_OBJC_WEAK = YES;
				CLANG_WARN_BLOCK_CAPTURE_AUTORELEASING = YES;
				CLANG_WARN_BOOL_CONVERSION = YES;
				CLANG_WARN_COMMA = YES;
				CLANG_WARN_CONSTANT_CONVERSION = YES;
				CLANG_WARN_DEPRECATED_OBJC_IMPLEMENTATIONS = YES;
				CLANG_WARN_DIRECT_OBJC_ISA_USAGE = YES_ERROR;
				CLANG_WARN_DOCUMENTATION_COMMENTS = YES;
				CLANG_WARN_EMPTY_BODY = YES;
				CLANG_WARN_ENUM_CONVERSION = YES;
				CLANG_WARN_INFINITE_RECURSION = YES;
				CLANG_WARN_INT_CONVERSION = YES;
				CLANG_WARN_NON_LITERAL_NULL_CONVERSION = YES;
				CLANG_WARN_OBJC_IMPLICIT_RETAIN_SELF = YES;
				CLANG_WARN_OBJC_LITERAL_CONVERSION = YES;
				CLANG_WARN_OBJC_ROOT_CLASS = YES_ERROR;
				CLANG_WARN_QUOTED_INCLUDE_IN_FRAMEWORK_HEADER = YES;
				CLANG_WARN_RANGE_LOOP_ANALYSIS = YES;
				CLANG_WARN_STRICT_PROTOTYPES = YES;
				CLANG_WARN_SUSPICIOUS_MOVE = YES;
				CLANG_WARN_UNGUARDED_AVAILABILITY = YES_AGGRESSIVE;
				CLANG_WARN_UNREACHABLE_CODE = YES;
				CLANG_WARN__DUPLICATE_METHOD_MATCH = YES;
				COPY_PHASE_STRIP = NO;
				DEBUG_INFORMATION_FORMAT = dwarf;
				ENABLE_STRICT_OBJC_MSGSEND = YES;
				ENABLE_TESTABILITY = YES;
				GCC_C_LANGUAGE_STANDARD = gnu11;
				GCC_DYNAMIC_NO_PIC = NO;
				GCC_NO_COMMON_BLOCKS = YES;
				GCC_OPTIMIZATION_LEVEL = 0;
				GCC_PREPROCESSOR_DEFINITIONS = (
					"DEBUG=1",
					"$(inherited)",
				);
				GCC_WARN_64_TO_32_BIT_CONVERSION = YES;
				GCC_WARN_ABOUT_RETURN_TYPE = YES_ERROR;
				GCC_WARN_UNDECLARED_SELECTOR = YES;
				GCC_WARN_UNINITIALIZED_AUTOS = YES_AGGRESSIVE;
				GCC_WARN_UNUSED_FUNCTION = YES;
				GCC_WARN_UNUSED_VARIABLE = YES;
				IPHONEOS_DEPLOYMENT_TARGET = 15.2;
				MTL_ENABLE_DEBUG_INFO = INCLUDE_SOURCE;
				MTL_FAST_MATH = YES;
				ONLY_ACTIVE_ARCH = YES;
				SDKROOT = iphoneos;
				SWIFT_ACTIVE_COMPILATION_CONDITIONS = DEBUG;
				SWIFT_OPTIMIZATION_LEVEL = "-Onone";
			};
			name = Debug;
		};
		F6870DCB27D5D3E30042CCEA /* Release */ = {
			isa = XCBuildConfiguration;
			buildSettings = {
				ALWAYS_SEARCH_USER_PATHS = NO;
				CLANG_ANALYZER_NONNULL = YES;
				CLANG_ANALYZER_NUMBER_OBJECT_CONVERSION = YES_AGGRESSIVE;
				CLANG_CXX_LANGUAGE_STANDARD = "gnu++17";
				CLANG_CXX_LIBRARY = "libc++";
				CLANG_ENABLE_MODULES = YES;
				CLANG_ENABLE_OBJC_ARC = YES;
				CLANG_ENABLE_OBJC_WEAK = YES;
				CLANG_WARN_BLOCK_CAPTURE_AUTORELEASING = YES;
				CLANG_WARN_BOOL_CONVERSION = YES;
				CLANG_WARN_COMMA = YES;
				CLANG_WARN_CONSTANT_CONVERSION = YES;
				CLANG_WARN_DEPRECATED_OBJC_IMPLEMENTATIONS = YES;
				CLANG_WARN_DIRECT_OBJC_ISA_USAGE = YES_ERROR;
				CLANG_WARN_DOCUMENTATION_COMMENTS = YES;
				CLANG_WARN_EMPTY_BODY = YES;
				CLANG_WARN_ENUM_CONVERSION = YES;
				CLANG_WARN_INFINITE_RECURSION = YES;
				CLANG_WARN_INT_CONVERSION = YES;
				CLANG_WARN_NON_LITERAL_NULL_CONVERSION = YES;
				CLANG_WARN_OBJC_IMPLICIT_RETAIN_SELF = YES;
				CLANG_WARN_OBJC_LITERAL_CONVERSION = YES;
				CLANG_WARN_OBJC_ROOT_CLASS = YES_ERROR;
				CLANG_WARN_QUOTED_INCLUDE_IN_FRAMEWORK_HEADER = YES;
				CLANG_WARN_RANGE_LOOP_ANALYSIS = YES;
				CLANG_WARN_STRICT_PROTOTYPES = YES;
				CLANG_WARN_SUSPICIOUS_MOVE = YES;
				CLANG_WARN_UNGUARDED_AVAILABILITY = YES_AGGRESSIVE;
				CLANG_WARN_UNREACHABLE_CODE = YES;
				CLANG_WARN__DUPLICATE_METHOD_MATCH = YES;
				COPY_PHASE_STRIP = NO;
				DEBUG_INFORMATION_FORMAT = "dwarf-with-dsym";
				ENABLE_NS_ASSERTIONS = NO;
				ENABLE_STRICT_OBJC_MSGSEND = YES;
				GCC_C_LANGUAGE_STANDARD = gnu11;
				GCC_NO_COMMON_BLOCKS = YES;
				GCC_WARN_64_TO_32_BIT_CONVERSION = YES;
				GCC_WARN_ABOUT_RETURN_TYPE = YES_ERROR;
				GCC_WARN_UNDECLARED_SELECTOR = YES;
				GCC_WARN_UNINITIALIZED_AUTOS = YES_AGGRESSIVE;
				GCC_WARN_UNUSED_FUNCTION = YES;
				GCC_WARN_UNUSED_VARIABLE = YES;
				IPHONEOS_DEPLOYMENT_TARGET = 15.2;
				MTL_ENABLE_DEBUG_INFO = NO;
				MTL_FAST_MATH = YES;
				SDKROOT = iphoneos;
				SWIFT_COMPILATION_MODE = wholemodule;
				SWIFT_OPTIMIZATION_LEVEL = "-O";
				VALIDATE_PRODUCT = YES;
			};
			name = Release;
		};
		F6870DCD27D5D3E30042CCEA /* Debug */ = {
			isa = XCBuildConfiguration;
			buildSettings = {
				ASSETCATALOG_COMPILER_APPICON_NAME = AppIcon;
				ASSETCATALOG_COMPILER_GLOBAL_ACCENT_COLOR_NAME = AccentColor;
				CODE_SIGN_STYLE = Automatic;
				CURRENT_PROJECT_VERSION = 1;
				GENERATE_INFOPLIST_FILE = YES;
				INFOPLIST_FILE = "Guess the App/Info.plist";
				INFOPLIST_KEY_UIApplicationSupportsIndirectInputEvents = YES;
				INFOPLIST_KEY_UILaunchStoryboardName = LaunchScreen;
				INFOPLIST_KEY_UIMainStoryboardFile = Main;
				INFOPLIST_KEY_UISupportedInterfaceOrientations_iPad = "UIInterfaceOrientationPortrait UIInterfaceOrientationPortraitUpsideDown UIInterfaceOrientationLandscapeLeft UIInterfaceOrientationLandscapeRight";
				INFOPLIST_KEY_UISupportedInterfaceOrientations_iPhone = "UIInterfaceOrientationPortrait UIInterfaceOrientationLandscapeLeft UIInterfaceOrientationLandscapeRight";
				LD_RUNPATH_SEARCH_PATHS = (
					"$(inherited)",
					"@executable_path/Frameworks",
				);
				MARKETING_VERSION = 1.0;
				PRODUCT_BUNDLE_IDENTIFIER = "Sankalp.Guess-the-App";
				PRODUCT_NAME = "$(TARGET_NAME)";
				SWIFT_EMIT_LOC_STRINGS = YES;
				SWIFT_VERSION = 5.0;
				TARGETED_DEVICE_FAMILY = "1,2";
			};
			name = Debug;
		};
		F6870DCE27D5D3E30042CCEA /* Release */ = {
			isa = XCBuildConfiguration;
			buildSettings = {
				ASSETCATALOG_COMPILER_APPICON_NAME = AppIcon;
				ASSETCATALOG_COMPILER_GLOBAL_ACCENT_COLOR_NAME = AccentColor;
				CODE_SIGN_STYLE = Automatic;
				CURRENT_PROJECT_VERSION = 1;
				GENERATE_INFOPLIST_FILE = YES;
				INFOPLIST_FILE = "Guess the App/Info.plist";
				INFOPLIST_KEY_UIApplicationSupportsIndirectInputEvents = YES;
				INFOPLIST_KEY_UILaunchStoryboardName = LaunchScreen;
				INFOPLIST_KEY_UIMainStoryboardFile = Main;
				INFOPLIST_KEY_UISupportedInterfaceOrientations_iPad = "UIInterfaceOrientationPortrait UIInterfaceOrientationPortraitUpsideDown UIInterfaceOrientationLandscapeLeft UIInterfaceOrientationLandscapeRight";
				INFOPLIST_KEY_UISupportedInterfaceOrientations_iPhone = "UIInterfaceOrientationPortrait UIInterfaceOrientationLandscapeLeft UIInterfaceOrientationLandscapeRight";
				LD_RUNPATH_SEARCH_PATHS = (
					"$(inherited)",
					"@executable_path/Frameworks",
				);
				MARKETING_VERSION = 1.0;
				PRODUCT_BUNDLE_IDENTIFIER = "Sankalp.Guess-the-App";
				PRODUCT_NAME = "$(TARGET_NAME)";
				SWIFT_EMIT_LOC_STRINGS = YES;
				SWIFT_VERSION = 5.0;
				TARGETED_DEVICE_FAMILY = "1,2";
			};
			name = Release;
		};
		F6870DD027D5D3E30042CCEA /* Debug */ = {
			isa = XCBuildConfiguration;
			buildSettings = {
				ALWAYS_EMBED_SWIFT_STANDARD_LIBRARIES = YES;
				BUNDLE_LOADER = "$(TEST_HOST)";
				CODE_SIGN_STYLE = Automatic;
				CURRENT_PROJECT_VERSION = 1;
				GENERATE_INFOPLIST_FILE = YES;
				IPHONEOS_DEPLOYMENT_TARGET = 15.2;
				MARKETING_VERSION = 1.0;
				PRODUCT_BUNDLE_IDENTIFIER = "Sankalp.Guess-the-AppTests";
				PRODUCT_NAME = "$(TARGET_NAME)";
				SWIFT_EMIT_LOC_STRINGS = NO;
				SWIFT_VERSION = 5.0;
				TARGETED_DEVICE_FAMILY = "1,2";
				TEST_HOST = "$(BUILT_PRODUCTS_DIR)/Guess the App.app/Guess the App";
			};
			name = Debug;
		};
		F6870DD127D5D3E30042CCEA /* Release */ = {
			isa = XCBuildConfiguration;
			buildSettings = {
				ALWAYS_EMBED_SWIFT_STANDARD_LIBRARIES = YES;
				BUNDLE_LOADER = "$(TEST_HOST)";
				CODE_SIGN_STYLE = Automatic;
				CURRENT_PROJECT_VERSION = 1;
				GENERATE_INFOPLIST_FILE = YES;
				IPHONEOS_DEPLOYMENT_TARGET = 15.2;
				MARKETING_VERSION = 1.0;
				PRODUCT_BUNDLE_IDENTIFIER = "Sankalp.Guess-the-AppTests";
				PRODUCT_NAME = "$(TARGET_NAME)";
				SWIFT_EMIT_LOC_STRINGS = NO;
				SWIFT_VERSION = 5.0;
				TARGETED_DEVICE_FAMILY = "1,2";
				TEST_HOST = "$(BUILT_PRODUCTS_DIR)/Guess the App.app/Guess the App";
			};
			name = Release;
		};
		F6870DD327D5D3E30042CCEA /* Debug */ = {
			isa = XCBuildConfiguration;
			buildSettings = {
				ALWAYS_EMBED_SWIFT_STANDARD_LIBRARIES = YES;
				CODE_SIGN_STYLE = Automatic;
				CURRENT_PROJECT_VERSION = 1;
				GENERATE_INFOPLIST_FILE = YES;
				MARKETING_VERSION = 1.0;
				PRODUCT_BUNDLE_IDENTIFIER = "Sankalp.Guess-the-AppUITests";
				PRODUCT_NAME = "$(TARGET_NAME)";
				SWIFT_EMIT_LOC_STRINGS = NO;
				SWIFT_VERSION = 5.0;
				TARGETED_DEVICE_FAMILY = "1,2";
				TEST_TARGET_NAME = "Guess the App";
			};
			name = Debug;
		};
		F6870DD427D5D3E30042CCEA /* Release */ = {
			isa = XCBuildConfiguration;
			buildSettings = {
				ALWAYS_EMBED_SWIFT_STANDARD_LIBRARIES = YES;
				CODE_SIGN_STYLE = Automatic;
				CURRENT_PROJECT_VERSION = 1;
				GENERATE_INFOPLIST_FILE = YES;
				MARKETING_VERSION = 1.0;
				PRODUCT_BUNDLE_IDENTIFIER = "Sankalp.Guess-the-AppUITests";
				PRODUCT_NAME = "$(TARGET_NAME)";
				SWIFT_EMIT_LOC_STRINGS = NO;
				SWIFT_VERSION = 5.0;
				TARGETED_DEVICE_FAMILY = "1,2";
				TEST_TARGET_NAME = "Guess the App";
			};
			name = Release;
		};
/* End XCBuildConfiguration section */

/* Begin XCConfigurationList section */
		F6870D9D27D5D3E20042CCEA /* Build configuration list for PBXProject "Guess the App" */ = {
			isa = XCConfigurationList;
			buildConfigurations = (
				F6870DCA27D5D3E30042CCEA /* Debug */,
				F6870DCB27D5D3E30042CCEA /* Release */,
			);
			defaultConfigurationIsVisible = 0;
			defaultConfigurationName = Release;
		};
		F6870DCC27D5D3E30042CCEA /* Build configuration list for PBXNativeTarget "Guess the App" */ = {
			isa = XCConfigurationList;
			buildConfigurations = (
				F6870DCD27D5D3E30042CCEA /* Debug */,
				F6870DCE27D5D3E30042CCEA /* Release */,
			);
			defaultConfigurationIsVisible = 0;
			defaultConfigurationName = Release;
		};
		F6870DCF27D5D3E30042CCEA /* Build configuration list for PBXNativeTarget "Guess the AppTests" */ = {
			isa = XCConfigurationList;
			buildConfigurations = (
				F6870DD027D5D3E30042CCEA /* Debug */,
				F6870DD127D5D3E30042CCEA /* Release */,
			);
			defaultConfigurationIsVisible = 0;
			defaultConfigurationName = Release;
		};
		F6870DD227D5D3E30042CCEA /* Build configuration list for PBXNativeTarget "Guess the AppUITests" */ = {
			isa = XCConfigurationList;
			buildConfigurations = (
				F6870DD327D5D3E30042CCEA /* Debug */,
				F6870DD427D5D3E30042CCEA /* Release */,
			);
			defaultConfigurationIsVisible = 0;
			defaultConfigurationName = Release;
		};
/* End XCConfigurationList section */
	};
	rootObject = F6870D9A27D5D3E20042CCEA /* Project object */;
}
